// !$*UTF8*$!
{
	archiveVersion = 1;
	classes = {
	};
	objectVersion = 77;
	objects = {

/* Begin PBXBuildFile section */
		FBDDCDBB63D44E6EA5906FB5 /* SubstiDomain in Frameworks */ = {isa = PBXBuildFile; productRef = F27C211AE520498BA1C55619 /* SubstiDomain */; };
		58BCADAB4A174410A910EE97 /* SubstiDomain in Frameworks */ = {isa = PBXBuildFile; productRef = 1C766D742E2B4E94A61C8111 /* SubstiDomain */; };
/* End PBXBuildFile section */

/* Begin PBXContainerItemProxy section */
		CEAF2FC6306960B50087ACFC /* PBXContainerItemProxy */ = {
			isa = PBXContainerItemProxy;
			containerPortal = CEAF2FB0306960B10087ACFC /* Project object */;
			proxyType = 1;
			remoteGlobalIDString = CEAF2FB7306960B10087ACFC;
			remoteInfo = Substi;
		};
		CEAF2FD0306960B50087ACFC /* PBXContainerItemProxy */ = {
			isa = PBXContainerItemProxy;
			containerPortal = CEAF2FB0306960B10087ACFC /* Project object */;
			proxyType = 1;
			remoteGlobalIDString = CEAF2FB7306960B10087ACFC;
			remoteInfo = Substi;
		};
/* End PBXContainerItemProxy section */

/* Begin PBXFileReference section */
		CEAF2FB8306960B10087ACFC /* Substi.app */ = {isa = PBXFileReference; explicitFileType = wrapper.application; includeInIndex = 0; path = Substi.app; sourceTree = BUILT_PRODUCTS_DIR; };
		CEAF2FC5306960B50087ACFC /* SubstiTests.xctest */ = {isa = PBXFileReference; explicitFileType = wrapper.cfbundle; includeInIndex = 0; path = SubstiTests.xctest; sourceTree = BUILT_PRODUCTS_DIR; };
		CEAF2FCF306960B50087ACFC /* SubstiUITests.xctest */ = {isa = PBXFileReference; explicitFileType = wrapper.cfbundle; includeInIndex = 0; path = SubstiUITests.xctest; sourceTree = BUILT_PRODUCTS_DIR; };
/* End PBXFileReference section */

/* Begin PBXFileSystemSynchronizedRootGroup section */
		CEAF2FBA306960B10087ACFC /* Substi */ = {
			isa = PBXFileSystemSynchronizedRootGroup;
			path = Substi;
			sourceTree = "<group>";
		};
		CEAF2FC8306960B50087ACFC /* SubstiTests */ = {
			isa = PBXFileSystemSynchronizedRootGroup;
			path = SubstiTests;
			sourceTree = "<group>";
		};
		CEAF2FD2306960B50087ACFC /* SubstiUITests */ = {
			isa = PBXFileSystemSynchronizedRootGroup;
			path = SubstiUITests;
			sourceTree = "<group>";
		};
/* End PBXFileSystemSynchronizedRootGroup section */

/* Begin PBXFrameworksBuildPhase section */
		CEAF2FB5306960B10087ACFC /* Frameworks */ = {
			isa = PBXFrameworksBuildPhase;
			buildActionMask = 2147483647;
			files = (
				FBDDCDBB63D44E6EA5906FB5 /* SubstiDomain in Frameworks */,
			);
			runOnlyForDeploymentPostprocessing = 0;
		};
		CEAF2FC2306960B50087ACFC /* Frameworks */ = {
			isa = PBXFrameworksBuildPhase;
			buildActionMask = 2147483647;
			files = (
				58BCADAB4A174410A910EE97 /* SubstiDomain in Frameworks */,
			);
			runOnlyForDeploymentPostprocessing = 0;
		};
		CEAF2FCC306960B50087ACFC /* Frameworks */ = {
			isa = PBXFrameworksBuildPhase;
			buildActionMask = 2147483647;
			files = (
			);
			runOnlyForDeploymentPostprocessing = 0;
		};
/* End PBXFrameworksBuildPhase section */

/* Begin PBXGroup section */
		CEAF2FAF306960B10087ACFC = {
			isa = PBXGroup;
			children = (
				CEAF2FBA306960B10087ACFC /* Substi */,
				CEAF2FC8306960B50087ACFC /* SubstiTests */,
				CEAF2FD2306960B50087ACFC /* SubstiUITests */,
				CEAF2FB9306960B10087ACFC /* Products */,
			);
			sourceTree = "<group>";
		};
		CEAF2FB9306960B10087ACFC /* Products */ = {
			isa = PBXGroup;
			children = (
				CEAF2FB8306960B10087ACFC /* Substi.app */,
				CEAF2FC5306960B50087ACFC /* SubstiTests.xctest */,
				CEAF2FCF306960B50087ACFC /* SubstiUITests.xctest */,
			);
			name = Products;
			sourceTree = "<group>";
		};
/* End PBXGroup section */

/* Begin PBXNativeTarget section */
		CEAF2FB7306960B10087ACFC /* Substi */ = {
			isa = PBXNativeTarget;
			buildConfigurationList = CEAF2FD9306960B50087ACFC /* Build configuration list for PBXNativeTarget "Substi" */;
			buildPhases = (
				CEAF2FB4306960B10087ACFC /* Sources */,
				CEAF2FB5306960B10087ACFC /* Frameworks */,
				CEAF2FB6306960B10087ACFC /* Resources */,
			);
			buildRules = (
			);
			dependencies = (
			);
			fileSystemSynchronizedGroups = (
				CEAF2FBA306960B10087ACFC /* Substi */,
			);
			name = Substi;
			packageProductDependencies = (
				F27C211AE520498BA1C55619 /* SubstiDomain */,
			);
			productName = Substi;
			productReference = CEAF2FB8306960B10087ACFC /* Substi.app */;
			productType = "com.apple.product-type.application";
		};
		CEAF2FC4306960B50087ACFC /* SubstiTests */ = {
			isa = PBXNativeTarget;
			buildConfigurationList = CEAF2FDC306960B50087ACFC /* Build configuration list for PBXNativeTarget "SubstiTests" */;
			buildPhases = (
				CEAF2FC1306960B50087ACFC /* Sources */,
				CEAF2FC2306960B50087ACFC /* Frameworks */,
				CEAF2FC3306960B50087ACFC /* Resources */,
			);
			buildRules = (
			);
			dependencies = (
				CEAF2FC7306960B50087ACFC /* PBXTargetDependency */,
			);
			fileSystemSynchronizedGroups = (
				CEAF2FC8306960B50087ACFC /* SubstiTests */,
			);
			name = SubstiTests;
			packageProductDependencies = (
				1C766D742E2B4E94A61C8111 /* SubstiDomain */,
			);
			productName = SubstiTests;
			productReference = CEAF2FC5306960B50087ACFC /* SubstiTests.xctest */;
			productType = "com.apple.product-type.bundle.unit-test";
		};
		CEAF2FCE306960B50087ACFC /* SubstiUITests */ = {
			isa = PBXNativeTarget;
			buildConfigurationList = CEAF2FDF306960B50087ACFC /* Build configuration list for PBXNativeTarget "SubstiUITests" */;
			buildPhases = (
				CEAF2FCB306960B50087ACFC /* Sources */,
				CEAF2FCC306960B50087ACFC /* Frameworks */,
				CEAF2FCD306960B50087ACFC /* Resources */,
			);
			buildRules = (
			);
			dependencies = (
				CEAF2FD1306960B50087ACFC /* PBXTargetDependency */,
			);
			fileSystemSynchronizedGroups = (
				CEAF2FD2306960B50087ACFC /* SubstiUITests */,
			);
			name = SubstiUITests;
			packageProductDependencies = (
			);
			productName = SubstiUITests;
			productReference = CEAF2FCF306960B50087ACFC /* SubstiUITests.xctest */;
			productType = "com.apple.product-type.bundle.ui-testing";
		};
/* End PBXNativeTarget section */

/* Begin PBXProject section */
		CEAF2FB0306960B10087ACFC /* Project object */ = {
			isa = PBXProject;
			attributes = {
				BuildIndependentTargetsInParallel = 1;
				LastSwiftUpdateCheck = 1640;
				LastUpgradeCheck = 1640;
				TargetAttributes = {
					CEAF2FB7306960B10087ACFC = {
						CreatedOnToolsVersion = 16.4;
					};
					CEAF2FC4306960B50087ACFC = {
						CreatedOnToolsVersion = 16.4;
						TestTargetID = CEAF2FB7306960B10087ACFC;
					};
					CEAF2FCE306960B50087ACFC = {
						CreatedOnToolsVersion = 16.4;
						TestTargetID = CEAF2FB7306960B10087ACFC;
					};
				};
			};
			buildConfigurationList = CEAF2FB3306960B10087ACFC /* Build configuration list for PBXProject "Substi" */;
			developmentRegion = en;
			hasScannedForEncodings = 0;
			knownRegions = (
				en,
				Base,
			);
			mainGroup = CEAF2FAF306960B10087ACFC;
			minimizedProjectReferenceProxies = 1;
			packageReferences = (
				0178E61AC4A14A6C96F4F972 /* XCLocalSwiftPackageReference "Packages/SubstiDomain" */,
			);
			preferredProjectObjectVersion = 77;
			productRefGroup = CEAF2FB9306960B10087ACFC /* Products */;
			projectDirPath = "";
			projectRoot = "";
			targets = (
				CEAF2FB7306960B10087ACFC /* Substi */,
				CEAF2FC4306960B50087ACFC /* SubstiTests */,
				CEAF2FCE306960B50087ACFC /* SubstiUITests */,
			);
		};
/* End PBXProject section */

/* Begin PBXResourcesBuildPhase section */
		CEAF2FB6306960B10087ACFC /* Resources */ = {
			isa = PBXResourcesBuildPhase;
			buildActionMask = 2147483647;
			files = (
			);
			runOnlyForDeploymentPostprocessing = 0;
		};
		CEAF2FC3306960B50087ACFC /* Resources */ = {
			isa = PBXResourcesBuildPhase;
			buildActionMask = 2147483647;
			files = (
			);
			runOnlyForDeploymentPostprocessing = 0;
		};
		CEAF2FCD306960B50087ACFC /* Resources */ = {
			isa = PBXResourcesBuildPhase;
			buildActionMask = 2147483647;
			files = (
			);
			runOnlyForDeploymentPostprocessing = 0;
		};
/* End PBXResourcesBuildPhase section */

/* Begin PBXSourcesBuildPhase section */
		CEAF2FB4306960B10087ACFC /* Sources */ = {
			isa = PBXSourcesBuildPhase;
			buildActionMask = 2147483647;
			files = (
			);
			runOnlyForDeploymentPostprocessing = 0;
		};
		CEAF2FC1306960B50087ACFC /* Sources */ = {
			isa = PBXSourcesBuildPhase;
			buildActionMask = 2147483647;
			files = (
			);
			runOnlyForDeploymentPostprocessing = 0;
		};
		CEAF2FCB306960B50087ACFC /* Sources */ = {
			isa = PBXSourcesBuildPhase;
			buildActionMask = 2147483647;
			files = (
			);
			runOnlyForDeploymentPostprocessing = 0;
		};
/* End PBXSourcesBuildPhase section */

/* Begin PBXTargetDependency section */
		CEAF2FC7306960B50087ACFC /* PBXTargetDependency */ = {
			isa = PBXTargetDependency;
			target = CEAF2FB7306960B10087ACFC /* Substi */;
			targetProxy = CEAF2FC6306960B50087ACFC /* PBXContainerItemProxy */;
		};
		CEAF2FD1306960B50087ACFC /* PBXTargetDependency */ = {
			isa = PBXTargetDependency;
			target = CEAF2FB7306960B10087ACFC /* Substi */;
			targetProxy = CEAF2FD0306960B50087ACFC /* PBXContainerItemProxy */;
		};
/* End PBXTargetDependency section */

/* Begin XCBuildConfiguration section */
		CEAF2FD7306960B50087ACFC /* Debug */ = {
			isa = XCBuildConfiguration;
			buildSettings = {
				ALWAYS_SEARCH_USER_PATHS = NO;
				ASSETCATALOG_COMPILER_GENERATE_SWIFT_ASSET_SYMBOL_EXTENSIONS = YES;
				CLANG_ANALYZER_NONNULL = YES;
				CLANG_ANALYZER_NUMBER_OBJECT_CONVERSION = YES_AGGRESSIVE;
				CLANG_CXX_LANGUAGE_STANDARD = "gnu++20";
				CLANG_ENABLE_MODULES = YES;
				CLANG_ENABLE_OBJC_ARC = YES;
				CLANG_ENABLE_OBJC_WEAK = YES;
				CLANG_WARN_BLOCK_CAPTURE_AUTORELEASING = YES;
				CLANG_WARN_BOOL_CONVERSION = YES;
				CLANG_WARN_COMMA = YES;
				CLANG_WARN_CONSTANT_CONVERSION = YES;
				CLANG_WARN_DEPRECATED_OBJC_IMPLEMENTATIONS = YES;
				CLANG_WARN_DIRECT_OBJC_ISA_USAGE = YES_ERROR;
				CLANG_WARN_DOCUMENTATION_COMMENTS = YES;
				CLANG_WARN_EMPTY_BODY = YES;
				CLANG_WARN_ENUM_CONVERSION = YES;
				CLANG_WARN_INFINITE_RECURSION = YES;
				CLANG_WARN_INT_CONVERSION = YES;
				CLANG_WARN_NON_LITERAL_NULL_CONVERSION = YES;
				CLANG_WARN_OBJC_IMPLICIT_RETAIN_SELF = YES;
				CLANG_WARN_OBJC_LITERAL_CONVERSION = YES;
				CLANG_WARN_OBJC_ROOT_CLASS = YES_ERROR;
				CLANG_WARN_QUOTED_INCLUDE_IN_FRAMEWORK_HEADER = YES;
				CLANG_WARN_RANGE_LOOP_ANALYSIS = YES;
				CLANG_WARN_STRICT_PROTOTYPES = YES;
				CLANG_WARN_SUSPICIOUS_MOVE = YES;
				CLANG_WARN_UNGUARDED_AVAILABILITY = YES_AGGRESSIVE;
				CLANG_WARN_UNREACHABLE_CODE = YES;
				CLANG_WARN__DUPLICATE_METHOD_MATCH = YES;
				COPY_PHASE_STRIP = NO;
				DEBUG_INFORMATION_FORMAT = dwarf;
				ENABLE_STRICT_OBJC_MSGSEND = YES;
				ENABLE_TESTABILITY = YES;
				ENABLE_USER_SCRIPT_SANDBOXING = YES;
				GCC_C_LANGUAGE_STANDARD = gnu17;
				GCC_DYNAMIC_NO_PIC = NO;
				GCC_NO_COMMON_BLOCKS = YES;
				GCC_OPTIMIZATION_LEVEL = 0;
				GCC_PREPROCESSOR_DEFINITIONS = (
					"DEBUG=1",
					"$(inherited)",
				);
				GCC_WARN_64_TO_32_BIT_CONVERSION = YES;
				GCC_WARN_ABOUT_RETURN_TYPE = YES_ERROR;
				GCC_WARN_UNDECLARED_SELECTOR = YES;
				GCC_WARN_UNINITIALIZED_AUTOS = YES_AGGRESSIVE;
				GCC_WARN_UNUSED_FUNCTION = YES;
				GCC_WARN_UNUSED_VARIABLE = YES;
				IPHONEOS_DEPLOYMENT_TARGET = 16.0;
				LOCALIZATION_PREFERS_STRING_CATALOGS = YES;
				MTL_ENABLE_DEBUG_INFO = INCLUDE_SOURCE;
				MTL_FAST_MATH = YES;
				ONLY_ACTIVE_ARCH = YES;
				SDKROOT = iphoneos;
				SWIFT_ACTIVE_COMPILATION_CONDITIONS = "DEBUG $(inherited)";
				SWIFT_OPTIMIZATION_LEVEL = "-Onone";
			};
			name = Debug;
		};
		CEAF2FD8306960B50087ACFC /* Release */ = {
			isa = XCBuildConfiguration;
			buildSettings = {
				ALWAYS_SEARCH_USER_PATHS = NO;
				ASSETCATALOG_COMPILER_GENERATE_SWIFT_ASSET_SYMBOL_EXTENSIONS = YES;
				CLANG_ANALYZER_NONNULL = YES;
				CLANG_ANALYZER_NUMBER_OBJECT_CONVERSION = YES_AGGRESSIVE;
				CLANG_CXX_LANGUAGE_STANDARD = "gnu++20";
				CLANG_ENABLE_MODULES = YES;
				CLANG_ENABLE_OBJC_ARC = YES;
				CLANG_ENABLE_OBJC_WEAK = YES;
				CLANG_WARN_BLOCK_CAPTURE_AUTORELEASING = YES;
				CLANG_WARN_BOOL_CONVERSION = YES;
				CLANG_WARN_COMMA = YES;
				CLANG_WARN_CONSTANT_CONVERSION = YES;
				CLANG_WARN_DEPRECATED_OBJC_IMPLEMENTATIONS = YES;
				CLANG_WARN_DIRECT_OBJC_ISA_USAGE = YES_ERROR;
				CLANG_WARN_DOCUMENTATION_COMMENTS = YES;
				CLANG_WARN_EMPTY_BODY = YES;
				CLANG_WARN_ENUM_CONVERSION = YES;
				CLANG_WARN_INFINITE_RECURSION = YES;
				CLANG_WARN_INT_CONVERSION = YES;
				CLANG_WARN_NON_LITERAL_NULL_CONVERSION = YES;
				CLANG_WARN_OBJC_IMPLICIT_RETAIN_SELF = YES;
				CLANG_WARN_OBJC_LITERAL_CONVERSION = YES;
				CLANG_WARN_OBJC_ROOT_CLASS = YES_ERROR;
				CLANG_WARN_QUOTED_INCLUDE_IN_FRAMEWORK_HEADER = YES;
				CLANG_WARN_RANGE_LOOP_ANALYSIS = YES;
				CLANG_WARN_STRICT_PROTOTYPES = YES;
				CLANG_WARN_SUSPICIOUS_MOVE = YES;
				CLANG_WARN_UNGUARDED_AVAILABILITY = YES_AGGRESSIVE;
				CLANG_WARN_UNREACHABLE_CODE = YES;
				CLANG_WARN__DUPLICATE_METHOD_MATCH = YES;
				COPY_PHASE_STRIP = NO;
				DEBUG_INFORMATION_FORMAT = "dwarf-with-dsym";
				ENABLE_NS_ASSERTIONS = NO;
				ENABLE_STRICT_OBJC_MSGSEND = YES;
				ENABLE_USER_SCRIPT_SANDBOXING = YES;
				GCC_C_LANGUAGE_STANDARD = gnu17;
				GCC_NO_COMMON_BLOCKS = YES;
				GCC_WARN_64_TO_32_BIT_CONVERSION = YES;
				GCC_WARN_ABOUT_RETURN_TYPE = YES_ERROR;
				GCC_WARN_UNDECLARED_SELECTOR = YES;
				GCC_WARN_UNINITIALIZED_AUTOS = YES_AGGRESSIVE;
				GCC_WARN_UNUSED_FUNCTION = YES;
				GCC_WARN_UNUSED_VARIABLE = YES;
				IPHONEOS_DEPLOYMENT_TARGET = 16.0;
				LOCALIZATION_PREFERS_STRING_CATALOGS = YES;
				MTL_ENABLE_DEBUG_INFO = NO;
				MTL_FAST_MATH = YES;
				SDKROOT = iphoneos;
				SWIFT_COMPILATION_MODE = wholemodule;
				VALIDATE_PRODUCT = YES;
			};
			name = Release;
		};
		CEAF2FDA306960B50087ACFC /* Debug */ = {
			isa = XCBuildConfiguration;
			buildSettings = {
				ASSETCATALOG_COMPILER_APPICON_NAME = AppIcon;
				ASSETCATALOG_COMPILER_GLOBAL_ACCENT_COLOR_NAME = AccentColor;
				CODE_SIGN_STYLE = Automatic;
				CURRENT_PROJECT_VERSION = 1;
				ENABLE_PREVIEWS = YES;
				GENERATE_INFOPLIST_FILE = YES;
				INFOPLIST_KEY_UIApplicationSceneManifest_Generation = YES;
				INFOPLIST_KEY_UIApplicationSupportsIndirectInputEvents = YES;
				INFOPLIST_KEY_UILaunchStoryboardName = LaunchScreen;
				INFOPLIST_KEY_UISupportedInterfaceOrientations_iPad = "UIInterfaceOrientationPortrait UIInterfaceOrientationPortraitUpsideDown UIInterfaceOrientationLandscapeLeft UIInterfaceOrientationLandscapeRight";
				INFOPLIST_KEY_UISupportedInterfaceOrientations_iPhone = "UIInterfaceOrientationPortrait UIInterfaceOrientationLandscapeLeft UIInterfaceOrientationLandscapeRight";
				LD_RUNPATH_SEARCH_PATHS = (
					"$(inherited)",
					"@executable_path/Frameworks",
				);
				MARKETING_VERSION = 1.0;
				PRODUCT_BUNDLE_IDENTIFIER = com.gabrielbarbosa.substi;
				PRODUCT_NAME = "$(TARGET_NAME)";
				SWIFT_EMIT_LOC_STRINGS = YES;
				SWIFT_VERSION = 6.0;
				TARGETED_DEVICE_FAMILY = "1,2";
			};
			name = Debug;
		};
		CEAF2FDB306960B50087ACFC /* Release */ = {
			isa = XCBuildConfiguration;
			buildSettings = {
				ASSETCATALOG_COMPILER_APPICON_NAME = AppIcon;
				ASSETCATALOG_COMPILER_GLOBAL_ACCENT_COLOR_NAME = AccentColor;
				CODE_SIGN_STYLE = Automatic;
				CURRENT_PROJECT_VERSION = 1;
				ENABLE_PREVIEWS = YES;
				GENERATE_INFOPLIST_FILE = YES;
				INFOPLIST_KEY_UIApplicationSceneManifest_Generation = YES;
				INFOPLIST_KEY_UIApplicationSupportsIndirectInputEvents = YES;
				INFOPLIST_KEY_UILaunchStoryboardName = LaunchScreen;
				INFOPLIST_KEY_UISupportedInterfaceOrientations_iPad = "UIInterfaceOrientationPortrait UIInterfaceOrientationPortraitUpsideDown UIInterfaceOrientationLandscapeLeft UIInterfaceOrientationLandscapeRight";
				INFOPLIST_KEY_UISupportedInterfaceOrientations_iPhone = "UIInterfaceOrientationPortrait UIInterfaceOrientationLandscapeLeft UIInterfaceOrientationLandscapeRight";
				LD_RUNPATH_SEARCH_PATHS = (
					"$(inherited)",
					"@executable_path/Frameworks",
				);
				MARKETING_VERSION = 1.0;
				PRODUCT_BUNDLE_IDENTIFIER = com.gabrielbarbosa.substi;
				PRODUCT_NAME = "$(TARGET_NAME)";
				SWIFT_EMIT_LOC_STRINGS = YES;
				SWIFT_VERSION = 6.0;
				TARGETED_DEVICE_FAMILY = "1,2";
			};
			name = Release;
		};
		CEAF2FDD306960B50087ACFC /* Debug */ = {
			isa = XCBuildConfiguration;
			buildSettings = {
				BUNDLE_LOADER = "$(TEST_HOST)";
				CODE_SIGN_STYLE = Automatic;
				CURRENT_PROJECT_VERSION = 1;
				GENERATE_INFOPLIST_FILE = YES;
				IPHONEOS_DEPLOYMENT_TARGET = 16.0;
				MARKETING_VERSION = 1.0;
				PRODUCT_BUNDLE_IDENTIFIER = com.gabrielbarbosa.substi.tests;
				PRODUCT_NAME = "$(TARGET_NAME)";
				SWIFT_EMIT_LOC_STRINGS = NO;
				SWIFT_VERSION = 6.0;
				TARGETED_DEVICE_FAMILY = "1,2";
				TEST_HOST = "$(BUILT_PRODUCTS_DIR)/Substi.app/$(BUNDLE_EXECUTABLE_FOLDER_PATH)/Substi";
			};
			name = Debug;
		};
		CEAF2FDE306960B50087ACFC /* Release */ = {
			isa = XCBuildConfiguration;
			buildSettings = {
				BUNDLE_LOADER = "$(TEST_HOST)";
				CODE_SIGN_STYLE = Automatic;
				CURRENT_PROJECT_VERSION = 1;
				GENERATE_INFOPLIST_FILE = YES;
				IPHONEOS_DEPLOYMENT_TARGET = 16.0;
				MARKETING_VERSION = 1.0;
				PRODUCT_BUNDLE_IDENTIFIER = com.gabrielbarbosa.substi.tests;
				PRODUCT_NAME = "$(TARGET_NAME)";
				SWIFT_EMIT_LOC_STRINGS = NO;
				SWIFT_VERSION = 6.0;
				TARGETED_DEVICE_FAMILY = "1,2";
				TEST_HOST = "$(BUILT_PRODUCTS_DIR)/Substi.app/$(BUNDLE_EXECUTABLE_FOLDER_PATH)/Substi";
			};
			name = Release;
		};
		CEAF2FE0306960B50087ACFC /* Debug */ = {
			isa = XCBuildConfiguration;
			buildSettings = {
				CODE_SIGN_STYLE = Automatic;
				CURRENT_PROJECT_VERSION = 1;
				GENERATE_INFOPLIST_FILE = YES;
				MARKETING_VERSION = 1.0;
				PRODUCT_BUNDLE_IDENTIFIER = com.gabrielbarbosa.substi.uitests;
				PRODUCT_NAME = "$(TARGET_NAME)";
				SWIFT_EMIT_LOC_STRINGS = NO;
				SWIFT_VERSION = 6.0;
				TARGETED_DEVICE_FAMILY = "1,2";
				TEST_TARGET_NAME = Substi;
			};
			name = Debug;
		};
		CEAF2FE1306960B50087ACFC /* Release */ = {
			isa = XCBuildConfiguration;
			buildSettings = {
				CODE_SIGN_STYLE = Automatic;
				CURRENT_PROJECT_VERSION = 1;
				GENERATE_INFOPLIST_FILE = YES;
				MARKETING_VERSION = 1.0;
				PRODUCT_BUNDLE_IDENTIFIER = com.gabrielbarbosa.substi.uitests;
				PRODUCT_NAME = "$(TARGET_NAME)";
				SWIFT_EMIT_LOC_STRINGS = NO;
				SWIFT_VERSION = 6.0;
				TARGETED_DEVICE_FAMILY = "1,2";
				TEST_TARGET_NAME = Substi;
			};
			name = Release;
		};
/* End XCBuildConfiguration section */

/* Begin XCConfigurationList section */
		CEAF2FB3306960B10087ACFC /* Build configuration list for PBXProject "Substi" */ = {
			isa = XCConfigurationList;
			buildConfigurations = (
				CEAF2FD7306960B50087ACFC /* Debug */,
				CEAF2FD8306960B50087ACFC /* Release */,
			);
			defaultConfigurationIsVisible = 0;
			defaultConfigurationName = Release;
		};
		CEAF2FD9306960B50087ACFC /* Build configuration list for PBXNativeTarget "Substi" */ = {
			isa = XCConfigurationList;
			buildConfigurations = (
				CEAF2FDA306960B50087ACFC /* Debug */,
				CEAF2FDB306960B50087ACFC /* Release */,
			);
			defaultConfigurationIsVisible = 0;
			defaultConfigurationName = Release;
		};
		CEAF2FDC306960B50087ACFC /* Build configuration list for PBXNativeTarget "SubstiTests" */ = {
			isa = XCConfigurationList;
			buildConfigurations = (
				CEAF2FDD306960B50087ACFC /* Debug */,
				CEAF2FDE306960B50087ACFC /* Release */,
			);
			defaultConfigurationIsVisible = 0;
			defaultConfigurationName = Release;
		};
		CEAF2FDF306960B50087ACFC /* Build configuration list for PBXNativeTarget "SubstiUITests" */ = {
			isa = XCConfigurationList;
			buildConfigurations = (
				CEAF2FE0306960B50087ACFC /* Debug */,
				CEAF2FE1306960B50087ACFC /* Release */,
			);
			defaultConfigurationIsVisible = 0;
			defaultConfigurationName = Release;
		};
/* End XCConfigurationList section */

/* Begin XCLocalSwiftPackageReference section */
		0178E61AC4A14A6C96F4F972 /* XCLocalSwiftPackageReference "Packages/SubstiDomain" */ = {
			isa = XCLocalSwiftPackageReference;
			relativePath = Packages/SubstiDomain;
		};
/* End XCLocalSwiftPackageReference section */

/* Begin XCSwiftPackageProductDependency section */
		F27C211AE520498BA1C55619 /* SubstiDomain */ = {
			isa = XCSwiftPackageProductDependency;
			package = 0178E61AC4A14A6C96F4F972 /* XCLocalSwiftPackageReference "Packages/SubstiDomain" */;
			productName = SubstiDomain;
		};
		1C766D742E2B4E94A61C8111 /* SubstiDomain */ = {
			isa = XCSwiftPackageProductDependency;
			package = 0178E61AC4A14A6C96F4F972 /* XCLocalSwiftPackageReference "Packages/SubstiDomain" */;
			productName = SubstiDomain;
		};
/* End XCSwiftPackageProductDependency section */
	};
	rootObject = CEAF2FB0306960B10087ACFC /* Project object */;
}
